
Microsoft Visual Studio Solution File, Format Version 12.00
# Visual Studio Version 17
VisualStudioVersion = 17.11.35222.181
MinimumVisualStudioVersion = 10.0.40219.1
Project("{FAE04EC0-301F-11D3-BF4B-00C04F79EFBC}") = "Week14", "Week14\Week14.csproj", "{AD900C0F-9B13-4303-A19C-ED9ADD545FE8}"
EndProject
Global
	GlobalSection(SolutionConfigurationPlatforms) = preSolution
		Debug|Any CPU = Debug|Any CPU
		Release|Any CPU = Release|Any CPU
	EndGlobalSection
	GlobalSection(ProjectConfigurationPlatforms) = postSolution
		{AD900C0F-9B13-4303-A19C-ED9ADD545FE8}.Debug|Any CPU.ActiveCfg = Debug|Any CPU
		{AD900C0F-9B13-4303-A19C-ED9ADD545FE8}.Debug|Any CPU.Build.0 = Debug|Any CPU
		{AD900C0F-9B13-4303-A19C-ED9ADD545FE8}.Release|Any CPU.ActiveCfg = Release|Any CPU
		{AD900C0F-9B13-4303-A19C-ED9ADD545FE8}.Release|Any CPU.Build.0 = Release|Any CPU
	EndGlobalSection
	GlobalSection(SolutionProperties) = preSolution
		HideSolutionNode = FALSE
	EndGlobalSection
	GlobalSection(ExtensibilityGlobals) = postSolution
		SolutionGuid = {D646C698-15B2-4E46-BCEF-3D2196744F09}
	EndGlobalSection
EndGlobal
